
Microsoft Visual Studio Solution File, Format Version 12.00
# Visual Studio Version 16
VisualStudioVersion = 16.0.810.6
MinimumVisualStudioVersion = 10.0.40219.1
Project("{FAE04EC0-301F-11D3-BF4B-00C04F79EFBC}") = "project_01", "project_01\project_01.csproj", "{15E5699F-2AD7-44A1-83C0-7FC99E3F5780}"
EndProject
Global
	GlobalSection(SolutionConfigurationPlatforms) = preSolution
		Debug|Any CPU = Debug|Any CPU
		Release|Any CPU = Release|Any CPU
	EndGlobalSection
	GlobalSection(ProjectConfigurationPlatforms) = postSolution
		{15E5699F-2AD7-44A1-83C0-7FC99E3F5780}.Debug|Any CPU.ActiveCfg = Debug|Any CPU
		{15E5699F-2AD7-44A1-83C0-7FC99E3F5780}.Debug|Any CPU.Build.0 = Debug|Any CPU
		{15E5699F-2AD7-44A1-83C0-7FC99E3F5780}.Release|Any CPU.ActiveCfg = Release|Any CPU
		{15E5699F-2AD7-44A1-83C0-7FC99E3F5780}.Release|Any CPU.Build.0 = Release|Any CPU
	EndGlobalSection
	GlobalSection(SolutionProperties) = preSolution
		HideSolutionNode = FALSE
	EndGlobalSection
	GlobalSection(ExtensibilityGlobals) = postSolution
		SolutionGuid = {54C5C7DC-34C9-4441-B260-95026E26E332}
	EndGlobalSection
EndGlobal
